{
  "name": "@weborigami/ebook-sample",
  "version": "0.0.1",
  "lockfileVersion": 3,
  "requires": true,
  "packages": {
    "": {
      "name": "@weborigami/ebook-sample",
      "version": "0.0.1",
      "dependencies": {
        "@weborigami/origami": "https://gitpkg.now.sh/WebOrigami/origami/async-tree?a386c40a"
      }
    },
    "node_modules/@weborigami/origami": {
      "name": "@weborigami/async-tree",
      "version": "0.0.41",
      "resolved": "https://gitpkg.now.sh/WebOrigami/origami/async-tree?a386c40a",
      "integrity": "sha512-QZJ98+SKUn8Ry+mUdKaar/OJ4V2/TqMVCZZiU7bhV/yhjErAiaairouoltRzT/hR/EbnCtv5MxLFjgOhrec5xw==",
      "dependencies": {
        "@weborigami/types": "0.0.41"
      }
    },
    "node_modules/@weborigami/types": {
      "version": "0.0.41",
      "resolved": "https://registry.npmjs.org/@weborigami/types/-/types-0.0.41.tgz",
      "integrity": "sha512-2bmrchcC1CZbzHnk6HcU0ZF5Y/hN1EO6+t3MpPiv76d3i8+F51uBwGXzcfe1v51CcJiR/CL642fz98Xuug/hsg=="
    }
  }
}
