{
  "name": "@weborigami/ebook-sample",
  "version": "0.0.1",
  "lockfileVersion": 3,
  "requires": true,
  "packages": {
    "": {
      "name": "@weborigami/ebook-sample",
      "version": "0.0.1",
      "dependencies": {
        "@weborigami/origami": "https://gitpkg.now.sh/WebOrigami/origami/async-tree?a386c40a",
        "@weborigami/zip": "https://gitpkg.now.sh/WebOrigami/extensions/zip?9656ef64"
      }
    },
    "node_modules/@weborigami/async-tree": {
      "version": "0.0.41",
      "resolved": "https://gitpkg.now.sh/WebOrigami/origami/async-tree?97e84bf3",
      "integrity": "sha512-rJ2rnnksBFCCdchAGbC8ztWqluW/DFVgNaN41Kh+OJcBkc+v0y1e/J+HRd4l6Bq0ynV/2yxNkGNGM9agn+KQCQ==",
      "dependencies": {
        "@weborigami/types": "0.0.41"
      }
    },
    "node_modules/@weborigami/language": {
      "version": "0.0.41",
      "resolved": "https://gitpkg.now.sh/WebOrigami/origami/language?97e84bf3",
      "integrity": "sha512-7gQflQOlvuCplqudrouW2S1QDMT1mIdbFoTMHmFgbU4yd/KGazcHQcEoycsLtPuQCxTmSeCfBtsPa8vd4RnZ4Q==",
      "dependencies": {
        "@weborigami/async-tree": "https://gitpkg.now.sh/WebOrigami/origami/async-tree?c13bba68",
        "@weborigami/types": "0.0.41",
        "peggy": "3.0.2",
        "watcher": "2.3.0"
      }
    },
    "node_modules/@weborigami/language/node_modules/@weborigami/async-tree": {
      "version": "0.0.41",
      "resolved": "https://gitpkg.now.sh/WebOrigami/origami/async-tree?c13bba68",
      "integrity": "sha512-qGx2ZTtgfttmqXn5+XggtLKNU/WVCDq4WOyRp/t5QwvmwarMvvFVtzIkaTaJ5rrwnKb79eDDRPD4DjntPp7Ujg==",
      "dependencies": {
        "@weborigami/types": "0.0.41"
      }
    },
    "node_modules/@weborigami/origami": {
      "name": "@weborigami/async-tree",
      "version": "0.0.41",
      "resolved": "https://gitpkg.now.sh/WebOrigami/origami/async-tree?a386c40a",
      "integrity": "sha512-QZJ98+SKUn8Ry+mUdKaar/OJ4V2/TqMVCZZiU7bhV/yhjErAiaairouoltRzT/hR/EbnCtv5MxLFjgOhrec5xw==",
      "dependencies": {
        "@weborigami/types": "0.0.41"
      }
    },
    "node_modules/@weborigami/types": {
      "version": "0.0.41",
      "resolved": "https://registry.npmjs.org/@weborigami/types/-/types-0.0.41.tgz",
      "integrity": "sha512-2bmrchcC1CZbzHnk6HcU0ZF5Y/hN1EO6+t3MpPiv76d3i8+F51uBwGXzcfe1v51CcJiR/CL642fz98Xuug/hsg=="
    },
    "node_modules/@weborigami/zip": {
      "version": "0.0.1",
      "resolved": "https://gitpkg.now.sh/WebOrigami/extensions/zip?9656ef64",
      "integrity": "sha512-OCzjwzylHq67f7aRqskBSqp5WTqbxt8mdFmf/BWdHk5YYVVr210z/QaKmH34ysJW1wCCY+szl9jgsyg3Xgpfjg==",
      "dependencies": {
        "@weborigami/async-tree": "https://gitpkg.now.sh/WebOrigami/origami/async-tree?97e84bf3",
        "@weborigami/language": "https://gitpkg.now.sh/WebOrigami/origami/language?97e84bf3",
        "adm-zip": "0.5.10"
      }
    },
    "node_modules/adm-zip": {
      "version": "0.5.10",
      "resolved": "https://registry.npmjs.org/adm-zip/-/adm-zip-0.5.10.tgz",
      "integrity": "sha512-x0HvcHqVJNTPk/Bw8JbLWlWoo6Wwnsug0fnYYro1HBrjxZ3G7/AZk7Ahv8JwDe1uIcz8eBqvu86FuF1POiG7vQ==",
      "engines": {
        "node": ">=6.0"
      }
    },
    "node_modules/commander": {
      "version": "10.0.1",
      "resolved": "https://registry.npmjs.org/commander/-/commander-10.0.1.tgz",
      "integrity": "sha512-y4Mg2tXshplEbSGzx7amzPwKKOCGuoSRP/CjEdwwk0FOGlUbq6lKuoyDZTNZkmxHdJtp54hdfY/JUrdL7Xfdug==",
      "engines": {
        "node": ">=14"
      }
    },
    "node_modules/dettle": {
      "version": "1.0.1",
      "resolved": "https://registry.npmjs.org/dettle/-/dettle-1.0.1.tgz",
      "integrity": "sha512-/oD3At60ZfhgzpofJtyClNTrIACyMdRe+ih0YiHzAniN0IZnLdLpEzgR6RtGs3kowxUkTnvV/4t1FBxXMUdusQ=="
    },
    "node_modules/peggy": {
      "version": "3.0.2",
      "resolved": "https://registry.npmjs.org/peggy/-/peggy-3.0.2.tgz",
      "integrity": "sha512-n7chtCbEoGYRwZZ0i/O3t1cPr6o+d9Xx4Zwy2LYfzv0vjchMBU0tO+qYYyvZloBPcgRgzYvALzGWHe609JjEpg==",
      "dependencies": {
        "commander": "^10.0.0",
        "source-map-generator": "0.8.0"
      },
      "bin": {
        "peggy": "bin/peggy.js"
      },
      "engines": {
        "node": ">=14"
      }
    },
    "node_modules/promise-make-naked": {
      "version": "2.1.1",
      "resolved": "https://registry.npmjs.org/promise-make-naked/-/promise-make-naked-2.1.1.tgz",
      "integrity": "sha512-BLvgZSNRkQNM5RGL4Cz8wK76WSb+t3VeMJL+/kxRBHI5+nliqZezranGGtiu/ePeFo5+CaLRvvGMzXrBuu2tAA=="
    },
    "node_modules/source-map-generator": {
      "version": "0.8.0",
      "resolved": "https://registry.npmjs.org/source-map-generator/-/source-map-generator-0.8.0.tgz",
      "integrity": "sha512-psgxdGMwl5MZM9S3FWee4EgsEaIjahYV5AzGnwUvPhWeITz/j6rKpysQHlQ4USdxvINlb8lKfWGIXwfkrgtqkA==",
      "engines": {
        "node": ">= 10"
      }
    },
    "node_modules/stubborn-fs": {
      "version": "1.2.5",
      "resolved": "https://registry.npmjs.org/stubborn-fs/-/stubborn-fs-1.2.5.tgz",
      "integrity": "sha512-H2N9c26eXjzL/S/K+i/RHHcFanE74dptvvjM8iwzwbVcWY/zjBbgRqF3K0DY4+OD+uTTASTBvDoxPDaPN02D7g=="
    },
    "node_modules/tiny-readdir": {
      "version": "2.4.0",
      "resolved": "https://registry.npmjs.org/tiny-readdir/-/tiny-readdir-2.4.0.tgz",
      "integrity": "sha512-LS7NQKLyLy/EepnIbOWDdkR4k8KPwPYkYCMZzQOttE5PhmXBbKqGdRk6ndIsTpB54hL208gREAtMftlb+aELrw==",
      "dependencies": {
        "promise-make-naked": "^2.1.1"
      }
    },
    "node_modules/watcher": {
      "version": "2.3.0",
      "resolved": "https://registry.npmjs.org/watcher/-/watcher-2.3.0.tgz",
      "integrity": "sha512-6hVpT1OhmYTZhsgUND2o2gTL79TosB1rH8DWzDO7KBlyR9Yuxg/LXUGeHJqjjvwpnyHT7uUdDwWczprJuqae9Q==",
      "dependencies": {
        "dettle": "^1.0.1",
        "stubborn-fs": "^1.2.5",
        "tiny-readdir": "^2.2.0"
      }
    }
  }
}
